<?xml version="1.0" encoding="utf-8"?>
<Project ToolsVersion="4.0" xmlns="http://schemas.microsoft.com/developer/msbuild/2003">
  <ItemGroup>
    <ClInclude Include="_mm_corr_pd.ipp" />
    <ClInclude Include="_mm_covar_epu8.ipp" />
    <ClInclude Include="_mm_entropy_epu8.ipp" />
    <ClInclude Include="_mm_corr_epu8.ipp" />
    <ClInclude Include="_mm_hadd_epi64.ipp" />
    <ClInclude Include="_mm_hadd_epu8.ipp" />
    <ClInclude Include="_mm_mi_epu8.ipp" />
    <ClInclude Include="_mm_rand_si128.ipp" />
    <ClInclude Include="_mm_rescale_epu16.ipp" />
    <ClInclude Include="_mm_variance_epu8.ipp" />
    <ClInclude Include="equal.ipp" />
    <ClInclude Include="get_set.ipp" />
    <ClInclude Include="tools.ipp" />
    <ClInclude Include="toString.ipp" />
    <ClInclude Include="_mm_permute_epu8_array.ipp" />
    <ClInclude Include="timing.ipp" />
  </ItemGroup>
  <ItemGroup>
    <None Include="span.ipp" />
    <None Include="_mm_corr_epu8_perm.ipp" />
    <None Include="_mm_mi_corr_epu8_perm.ipp" />
    <None Include="_mm_mi_epu8_perm.ipp" />
    <None Include="_mm_freq_epu8.ipp" />
    <None Include="swap.ipp" />
    <None Include="_mm_permute_pd_array.ipp" />
    <None Include="_mm512_corr_pd.ipp" />
  </ItemGroup>
</Project>